
Microsoft Visual Studio Solution File, Format Version 12.00
# Visual Studio Version 17
VisualStudioVersion = 17.4.33213.308
MinimumVisualStudioVersion = 10.0.40219.1
Project("{FAE04EC0-301F-11D3-BF4B-00C04F79EFBC}") = "Leetcodalyzer", "Leetcodalyzer\Leetcodalyzer.csproj", "{149225D4-26CD-4F95-8D51-073D0974D5CD}"
EndProject
Global
	GlobalSection(SolutionConfigurationPlatforms) = preSolution
		Debug|Any CPU = Debug|Any CPU
		Release|Any CPU = Release|Any CPU
	EndGlobalSection
	GlobalSection(ProjectConfigurationPlatforms) = postSolution
		{149225D4-26CD-4F95-8D51-073D0974D5CD}.Debug|Any CPU.ActiveCfg = Debug|Any CPU
		{149225D4-26CD-4F95-8D51-073D0974D5CD}.Debug|Any CPU.Build.0 = Debug|Any CPU
		{149225D4-26CD-4F95-8D51-073D0974D5CD}.Release|Any CPU.ActiveCfg = Release|Any CPU
		{149225D4-26CD-4F95-8D51-073D0974D5CD}.Release|Any CPU.Build.0 = Release|Any CPU
	EndGlobalSection
	GlobalSection(SolutionProperties) = preSolution
		HideSolutionNode = FALSE
	EndGlobalSection
	GlobalSection(ExtensibilityGlobals) = postSolution
		SolutionGuid = {14735093-08A6-4A01-ADD3-DEDD7374CFED}
	EndGlobalSection
EndGlobal
